{
    "_readme": [
        "This file locks the dependencies of your project to a known state",
        "Read more about it at https://getcomposer.org/doc/01-basic-usage.md#installing-dependencies",
        "This file is @generated automatically"
    ],
    "content-hash": "0dca7f5bcc17a059451571e0f38adc41",
    "packages": [
        {
            "name": "haakco/test-sections-laravel",
            "version": "dev-main",
            "dist": {
                "type": "path",
                "url": "../../packages/test-sections-laravel",
                "reference": "91e8ad41c32e5c34744ac0f7280f9fe66d088202"
            },
            "require": {
                "php": ">=8.2"
            },
            "type": "library",
            "autoload": {
                "psr-4": {
                    "Haakco\\TestSections\\": "src/"
                }
            },
            "description": "Laravel adapter package for HaakCo test sections",
            "transport-options": {
                "symlink": true,
                "relative": true
            }
        }
    ],
    "packages-dev": [],
    "aliases": [],
    "minimum-stability": "dev",
    "stability-flags": {
        "haakco/test-sections-laravel": 20
    },
    "prefer-stable": true,
    "prefer-lowest": false,
    "platform": {
        "php": "^8.1"
    },
    "platform-dev": {},
    "plugin-api-version": "2.6.0"
}
